
Microsoft Visual Studio Solution File, Format Version 12.00
# Visual Studio Version 16
VisualStudioVersion = 16.0.32228.343
MinimumVisualStudioVersion = 10.0.40219.1
Project("{FAE04EC0-301F-11D3-BF4B-00C04F79EFBC}") = "CodeScanning", "CodeScanning.csproj", "{80B347D4-9FB2-49EA-8C71-45F75CA987BE}"
EndProject
Global
	GlobalSection(SolutionConfigurationPlatforms) = preSolution
		Debug|Any CPU = Debug|Any CPU
		Release|Any CPU = Release|Any CPU
	EndGlobalSection
	GlobalSection(ProjectConfigurationPlatforms) = postSolution
		{80B347D4-9FB2-49EA-8C71-45F75CA987BE}.Debug|Any CPU.ActiveCfg = Debug|Any CPU
		{80B347D4-9FB2-49EA-8C71-45F75CA987BE}.Debug|Any CPU.Build.0 = Debug|Any CPU
		{80B347D4-9FB2-49EA-8C71-45F75CA987BE}.Release|Any CPU.ActiveCfg = Release|Any CPU
		{80B347D4-9FB2-49EA-8C71-45F75CA987BE}.Release|Any CPU.Build.0 = Release|Any CPU
	EndGlobalSection
	GlobalSection(SolutionProperties) = preSolution
		HideSolutionNode = FALSE
	EndGlobalSection
	GlobalSection(ExtensibilityGlobals) = postSolution
		SolutionGuid = {D3010920-2B64-4454-BF2F-D12D57D90B8A}
	EndGlobalSection
EndGlobal
